// !$*UTF8*$!
{
 archiveVersion = 1; objectVersion = 56;
 objects = {
  A00000000000000000000001 /* Project */ = {isa = PBXProject; attributes = {LastUpgradeCheck = 1600;}; buildConfigurationList = A00000000000000000000020; compatibilityVersion = "Xcode 14.0"; developmentRegion = en; knownRegions = (en, es, Base); mainGroup = A00000000000000000000002; productRefGroup = A00000000000000000000003; projectDirPath = ""; projectRoot = ""; targets = (A00000000000000000000010, A00000000000000000000011, A00000000000000000000012);};
  A00000000000000000000002 = {isa = PBXGroup; children = (A00000000000000000000004, A00000000000000000000005, A00000000000000000000006, A00000000000000000000007, A00000000000000000000008, A00000000000000000000009); sourceTree = "<group>";};
  A00000000000000000000003 = {isa = PBXGroup; children = (A00000000000000000000030, A00000000000000000000031, A00000000000000000000032); name = Products; sourceTree = "<group>";};
  A00000000000000000000004 = {isa = PBXGroup; children = (A00000000000000000000040, A00000000000000000000041, A00000000000000000000042, A00000000000000000000043); path = OpenJumpApple; sourceTree = "<group>";};
  A00000000000000000000005 = {isa = PBXGroup; children = (A00000000000000000000050, A00000000000000000000051, A00000000000000000000052); path = OpenJumpAppleTests; sourceTree = "<group>";};
  A00000000000000000000006 = {isa = PBXGroup; children = (A00000000000000000000060); path = OpenJumpAppleUITests; sourceTree = "<group>";};
  A00000000000000000000007 = {isa = PBXGroup; children = (A00000000000000000000070); name = Frameworks; sourceTree = "<group>";};
  A00000000000000000000008 = {isa = PBXGroup; children = (A00000000000000000000080); name = Build; sourceTree = "<group>";};
  A00000000000000000000009 = {isa = PBXGroup; children = ();};
  A00000000000000000000040 = {isa = PBXFileReference; lastKnownFileType = sourcecode.swift; path = OpenJumpAppleApp.swift; sourceTree = "<group>";};
  A00000000000000000000041 = {isa = PBXFileReference; lastKnownFileType = sourcecode.swift; path = ContentView.swift; sourceTree = "<group>";};
  A00000000000000000000042 = {isa = PBXVariantGroup; children = (A00000000000000000000044, A00000000000000000000045); name = Localizable.strings; sourceTree = "<group>";};
  A00000000000000000000043 = {isa = PBXFileReference; lastKnownFileType = sourcecode.swift; path = Media/MediaProbe.swift; sourceTree = "<group>";};
  A00000000000000000000044 = {isa = PBXFileReference; lastKnownFileType = text.plist.strings; name = en; path = en.lproj/Localizable.strings; sourceTree = "<group>";};
  A00000000000000000000045 = {isa = PBXFileReference; lastKnownFileType = text.plist.strings; name = es; path = es.lproj/Localizable.strings; sourceTree = "<group>";};
  A00000000000000000000050 = {isa = PBXFileReference; lastKnownFileType = sourcecode.swift; path = JumpBridgeTests.swift; sourceTree = "<group>";};
  A00000000000000000000051 = {isa = PBXFileReference; lastKnownFileType = sourcecode.swift; path = MediaProbeTests.swift; sourceTree = "<group>";};
  A00000000000000000000052 = {isa = PBXFileReference; lastKnownFileType = sourcecode.swift; path = MediaFixtureFactory.swift; sourceTree = "<group>";};
  A00000000000000000000060 = {isa = PBXFileReference; lastKnownFileType = sourcecode.swift; path = PrototypeUITests.swift; sourceTree = "<group>";};
  A00000000000000000000070 = {isa = PBXFileReference; lastKnownFileType = wrapper.framework; name = JumpCoreSpike.framework; path = JumpCoreSpike.framework; sourceTree = BUILT_PRODUCTS_DIR;};
  A00000000000000000000080 = {isa = PBXFileReference; lastKnownFileType = text.plist.xml; path = Info.plist; sourceTree = "<group>";};
  A00000000000000000000030 = {isa = PBXFileReference; explicitFileType = wrapper.application; includeInIndex = 0; path = OpenJumpApple.app; sourceTree = BUILT_PRODUCTS_DIR;};
  A00000000000000000000031 = {isa = PBXFileReference; explicitFileType = wrapper.cfbundle; includeInIndex = 0; path = OpenJumpAppleTests.xctest; sourceTree = BUILT_PRODUCTS_DIR;};
  A00000000000000000000032 = {isa = PBXFileReference; explicitFileType = wrapper.cfbundle; includeInIndex = 0; path = OpenJumpAppleUITests.xctest; sourceTree = BUILT_PRODUCTS_DIR;};
  A00000000000000000000090 = {isa = PBXBuildFile; fileRef = A00000000000000000000040;};
  A00000000000000000000097 = {isa = PBXBuildFile; fileRef = A00000000000000000000043;};
  A00000000000000000000091 = {isa = PBXBuildFile; fileRef = A00000000000000000000041;};
  A00000000000000000000092 = {isa = PBXBuildFile; fileRef = A00000000000000000000042;};
  A00000000000000000000093 = {isa = PBXBuildFile; fileRef = A00000000000000000000050;};
  A00000000000000000000098 = {isa = PBXBuildFile; fileRef = A00000000000000000000051;};
  A00000000000000000000099 = {isa = PBXBuildFile; fileRef = A00000000000000000000052;};
  A00000000000000000000094 = {isa = PBXBuildFile; fileRef = A00000000000000000000060;};
  A00000000000000000000095 = {isa = PBXBuildFile; fileRef = A00000000000000000000070;};
  A00000000000000000000096 = {isa = PBXBuildFile; fileRef = A00000000000000000000070; settings = {ATTRIBUTES = (CodeSignOnCopy, RemoveHeadersOnCopy);};};
  A00000000000000000000010 = {isa = PBXNativeTarget; buildConfigurationList = A00000000000000000000021; buildPhases = (A000000000000000000000a0, A000000000000000000000a1, A000000000000000000000a2); buildRules = (); dependencies = (); name = OpenJumpApple; productName = OpenJumpApple; productReference = A00000000000000000000030; productType = "com.apple.product-type.application";};
  A00000000000000000000011 = {isa = PBXNativeTarget; buildConfigurationList = A00000000000000000000022; buildPhases = (A000000000000000000000a3, A000000000000000000000a4, A000000000000000000000a5); buildRules = (); dependencies = (A000000000000000000000b0); name = OpenJumpAppleTests; productName = OpenJumpAppleTests; productReference = A00000000000000000000031; productType = "com.apple.product-type.bundle.unit-test";};
  A00000000000000000000012 = {isa = PBXNativeTarget; buildConfigurationList = A00000000000000000000023; buildPhases = (A000000000000000000000a6, A000000000000000000000a7, A000000000000000000000a8); buildRules = (); dependencies = (A000000000000000000000b1); name = OpenJumpAppleUITests; productName = OpenJumpAppleUITests; productReference = A00000000000000000000032; productType = "com.apple.product-type.bundle.ui-testing";};
  A000000000000000000000a0 = {isa = PBXSourcesBuildPhase; files = (A00000000000000000000090, A00000000000000000000091, A00000000000000000000097);};
  A000000000000000000000a1 = {isa = PBXFrameworksBuildPhase; files = ();};
  A000000000000000000000a2 = {isa = PBXResourcesBuildPhase; files = (A00000000000000000000092);};
  A000000000000000000000a3 = {isa = PBXSourcesBuildPhase; files = (A00000000000000000000093, A00000000000000000000098, A00000000000000000000099);};
  A000000000000000000000a4 = {isa = PBXFrameworksBuildPhase; files = ();};
  A000000000000000000000a5 = {isa = PBXResourcesBuildPhase; files = ();};
  A000000000000000000000a6 = {isa = PBXSourcesBuildPhase; files = (A00000000000000000000094);};
  A000000000000000000000a7 = {isa = PBXFrameworksBuildPhase; files = ();};
  A000000000000000000000a8 = {isa = PBXResourcesBuildPhase; files = ();};
  A000000000000000000000a9 = {isa = PBXCopyFilesBuildPhase; buildActionMask = 2147483647; dstSubfolderSpec = 10; files = (A00000000000000000000096); name = "Embed Frameworks"; runOnlyForDeploymentPostprocessing = 0;};
  A000000000000000000000b0 = {isa = PBXTargetDependency; target = A00000000000000000000010; targetProxy = A000000000000000000000b2;};
  A000000000000000000000b1 = {isa = PBXTargetDependency; target = A00000000000000000000010; targetProxy = A000000000000000000000b3;};
  A000000000000000000000b2 = {isa = PBXContainerItemProxy; containerPortal = A00000000000000000000001; proxyType = 1; remoteGlobalIDString = A00000000000000000000010; remoteInfo = OpenJumpApple;};
  A000000000000000000000b3 = {isa = PBXContainerItemProxy; containerPortal = A00000000000000000000001; proxyType = 1; remoteGlobalIDString = A00000000000000000000010; remoteInfo = OpenJumpApple;};
  A000000000000000000000c0 = {isa = XCBuildConfiguration; buildSettings = {IPHONEOS_DEPLOYMENT_TARGET = 17.0; SDKROOT = iphoneos; SWIFT_VERSION = 5.0;}; name = Debug;};
  A000000000000000000000c1 = {isa = XCBuildConfiguration; buildSettings = {IPHONEOS_DEPLOYMENT_TARGET = 17.0; SDKROOT = iphoneos; SWIFT_VERSION = 5.0;}; name = Release;};
  A000000000000000000000c2 = {isa = XCBuildConfiguration; buildSettings = {CODE_SIGNING_ALLOWED = NO; ENABLE_TESTABILITY = YES; GENERATE_INFOPLIST_FILE = YES; INFOPLIST_KEY_CFBundleDisplayName = OpenJumpPrototype; INFOPLIST_KEY_UIApplicationSceneManifest_Generation = YES; INFOPLIST_KEY_UILaunchScreen_Generation = YES; MARKETING_VERSION = 0.0.1; CURRENT_PROJECT_VERSION = 1; PRODUCT_BUNDLE_IDENTIFIER = org.openjump.apple; PRODUCT_NAME = "$(TARGET_NAME)"; TARGETED_DEVICE_FAMILY = "1,2"; SUPPORTS_MACCATALYST = NO; FRAMEWORK_SEARCH_PATHS = "$(inherited) $(JUMP_FRAMEWORK_DIR)"; OTHER_LDFLAGS = "$(inherited) -framework JumpCoreSpike";}; name = Debug;};
  A000000000000000000000c3 = {isa = XCBuildConfiguration; buildSettings = {CODE_SIGNING_ALLOWED = NO; GENERATE_INFOPLIST_FILE = YES; INFOPLIST_KEY_CFBundleDisplayName = OpenJumpPrototype; INFOPLIST_KEY_UIApplicationSceneManifest_Generation = YES; INFOPLIST_KEY_UILaunchScreen_Generation = YES; MARKETING_VERSION = 0.0.1; CURRENT_PROJECT_VERSION = 1; PRODUCT_BUNDLE_IDENTIFIER = org.openjump.apple; PRODUCT_NAME = "$(TARGET_NAME)"; TARGETED_DEVICE_FAMILY = "1,2"; SUPPORTS_MACCATALYST = NO; FRAMEWORK_SEARCH_PATHS = "$(inherited) $(JUMP_FRAMEWORK_DIR)"; OTHER_LDFLAGS = "$(inherited) -framework JumpCoreSpike";}; name = Release;};
  A000000000000000000000c4 = {isa = XCBuildConfiguration; buildSettings = {BUNDLE_LOADER = "$(TEST_HOST)"; CODE_SIGNING_ALLOWED = NO; FRAMEWORK_SEARCH_PATHS = "$(inherited) $(JUMP_FRAMEWORK_DIR)"; GENERATE_INFOPLIST_FILE = YES; PRODUCT_BUNDLE_IDENTIFIER = org.openjump.apple.tests; PRODUCT_NAME = "$(TARGET_NAME)"; TEST_HOST = "$(BUILT_PRODUCTS_DIR)/OpenJumpApple.app/OpenJumpApple";}; name = Debug;};
  A000000000000000000000c5 = {isa = XCBuildConfiguration; buildSettings = {BUNDLE_LOADER = "$(TEST_HOST)"; CODE_SIGNING_ALLOWED = NO; FRAMEWORK_SEARCH_PATHS = "$(inherited) $(JUMP_FRAMEWORK_DIR)"; GENERATE_INFOPLIST_FILE = YES; PRODUCT_BUNDLE_IDENTIFIER = org.openjump.apple.tests; PRODUCT_NAME = "$(TARGET_NAME)"; TEST_HOST = "$(BUILT_PRODUCTS_DIR)/OpenJumpApple.app/OpenJumpApple";}; name = Release;};
  A000000000000000000000c6 = {isa = XCBuildConfiguration; buildSettings = {CODE_SIGNING_ALLOWED = NO; GENERATE_INFOPLIST_FILE = YES; PRODUCT_BUNDLE_IDENTIFIER = org.openjump.apple.uitests; PRODUCT_NAME = "$(TARGET_NAME)"; TEST_TARGET_NAME = OpenJumpApple;}; name = Debug;};
  A000000000000000000000c7 = {isa = XCBuildConfiguration; buildSettings = {CODE_SIGNING_ALLOWED = NO; GENERATE_INFOPLIST_FILE = YES; PRODUCT_BUNDLE_IDENTIFIER = org.openjump.apple.uitests; PRODUCT_NAME = "$(TARGET_NAME)"; TEST_TARGET_NAME = OpenJumpApple;}; name = Release;};
  A00000000000000000000020 = {isa = XCConfigurationList; buildConfigurations = (A000000000000000000000c0, A000000000000000000000c1); defaultConfigurationIsVisible = 0; defaultConfigurationName = Release;};
  A00000000000000000000021 = {isa = XCConfigurationList; buildConfigurations = (A000000000000000000000c2, A000000000000000000000c3); defaultConfigurationIsVisible = 0; defaultConfigurationName = Release;};
  A00000000000000000000022 = {isa = XCConfigurationList; buildConfigurations = (A000000000000000000000c4, A000000000000000000000c5); defaultConfigurationIsVisible = 0; defaultConfigurationName = Release;};
  A00000000000000000000023 = {isa = XCConfigurationList; buildConfigurations = (A000000000000000000000c6, A000000000000000000000c7); defaultConfigurationIsVisible = 0; defaultConfigurationName = Release;};
 };
 rootObject = A00000000000000000000001;
}
