<?xml version="1.0" encoding="UTF-8"?>
<Scheme LastUpgradeVersion="1600" version="1.7">
 <BuildAction parallelizeBuildables="YES" buildImplicitDependencies="YES"><BuildActionEntries><BuildActionEntry buildForTesting="YES" buildForRunning="YES" buildForProfiling="YES" buildForArchiving="YES" buildForAnalyzing="YES"><BuildableReference BuildableIdentifier="primary" BlueprintIdentifier="A00000000000000000000010" BuildableName="OpenJumpApple.app" BlueprintName="OpenJumpApple" ReferencedContainer="container:OpenJumpApple.xcodeproj"/></BuildActionEntry></BuildActionEntries></BuildAction>
 <TestAction buildConfiguration="Debug" selectedDebuggerIdentifier="Xcode.DebuggerFoundation.Debugger" selectedLauncherIdentifier="Xcode.DebuggerFoundation.Launcher" shouldUseLaunchSchemeArgsEnv="YES"><Testables><TestableReference skipped="NO" parallelizable="NO"><BuildableReference BuildableIdentifier="primary" BlueprintIdentifier="A00000000000000000000011" BuildableName="OpenJumpAppleTests.xctest" BlueprintName="OpenJumpAppleTests" ReferencedContainer="container:OpenJumpApple.xcodeproj"/></TestableReference><TestableReference skipped="NO" parallelizable="NO"><BuildableReference BuildableIdentifier="primary" BlueprintIdentifier="A00000000000000000000012" BuildableName="OpenJumpAppleUITests.xctest" BlueprintName="OpenJumpAppleUITests" ReferencedContainer="container:OpenJumpApple.xcodeproj"/></TestableReference></Testables></TestAction>
 <LaunchAction buildConfiguration="Debug" selectedDebuggerIdentifier="Xcode.DebuggerFoundation.Debugger" selectedLauncherIdentifier="Xcode.DebuggerFoundation.Launcher"/>
</Scheme>
